{
  "version": 4,
  "terraform_version": "1.8.4",
  "serial": 5,
  "lineage": "dca9960d-fe3e-27f7-2a12-62c7f64d82e6",
  "outputs": {},
  "resources": [
    {
      "mode": "managed",
      "type": "scraping_resource",
      "name": "example",
      "provider": "provider[\"registry.terraform.io/hashicorp/scraping\"]",
      "instances": [
        {
          "schema_version": 0,
          "attributes": {
            "environment": "Linux(Ubuntu22.04LTS)(2024後期)",
            "machine_name": "EC2-pollux-152237",
            "machine_stop": false,
            "password": "SAKURAskip108",
            "username": "b1021204"
          },
          "sensitive_attributes": [
            [
              {
                "type": "get_attr",
                "value": "password"
              }
            ]
          ]
        }
      ]
    }
  ],
  "check_results": null
}
