{
  "version": 4,
  "terraform_version": "1.9.7",
  "serial": 1,
  "lineage": "78af2ebb-c088-c9c5-42dd-18e5884df968",
  "outputs": {},
  "resources": [
    {
      "mode": "managed",
      "type": "scraping_resource",
      "name": "example",
      "provider": "provider[\"registry.terraform.io/hashicorp/scraping\"]",
      "instances": [
        {
          "schema_version": 0,
          "attributes": {
            "environment": "Linux(Ubuntu22.04LTS)(2024後期)",
            "instance_type": "t4g.large",
            "ip": "18.183.219.124",
            "machine_name": "EC2-pollux-144224",
            "machine_pass": "vQ7k1Kn6",
            "machine_stop": false,
            "password": "SAKURAskip108",
            "username": "b1021204"
          },
          "sensitive_attributes": [
            [
              {
                "type": "get_attr",
                "value": "password"
              }
            ]
          ]
        }
      ]
    }
  ],
  "check_results": null
}
