{
  "version": 4,
  "terraform_version": "1.8.4",
  "serial": 3,
  "lineage": "6a249484-8e55-a171-52da-99d2a322cf74",
  "outputs": {},
  "resources": [
    {
      "mode": "managed",
      "type": "scraping_resource",
      "name": "example",
      "provider": "provider[\"registry.terraform.io/hashicorp/scraping\"]",
      "instances": [
        {
          "schema_version": 0,
          "attributes": {
            "environment": "Linux(Ubuntu22.04LTS)(2024前期)(10/31廃止)",
            "instance_type": "t4g.large",
            "machine_name": "EC2-geotail-153037",
            "machine_stop": false,
            "password": "SAKURAskip108",
            "username": "b1021204"
          },
          "sensitive_attributes": [
            [
              {
                "type": "get_attr",
                "value": "password"
              }
            ]
          ]
        }
      ]
    }
  ],
  "check_results": null
}
