{
  "version": 4,
  "terraform_version": "1.8.4",
  "serial": 1,
  "lineage": "7f513c7d-da56-1ac1-f792-c90b484cf64d",
  "outputs": {
    "ip": {
      "value": "10.224.146.0",
      "type": "string"
    }
  },
  "resources": [
    {
      "mode": "managed",
      "type": "scraping_resource",
      "name": "example",
      "provider": "provider[\"registry.terraform.io/hashicorp/scraping\"]",
      "instances": [
        {
          "schema_version": 0,
          "attributes": {
            "environment": "Linux(Ubuntu22.04LTS)(2024前期)(10/31廃止)",
            "machine_name": "EC2-geotail-146000",
            "machine_stop": false,
            "password": "SAKURAskip108",
            "username": "b1021204"
          },
          "sensitive_attributes": [
            [
              {
                "type": "get_attr",
                "value": "password"
              }
            ]
          ]
        }
      ]
    }
  ],
  "check_results": null
}
